{
  "requires": true,
  "lockfileVersion": 1,
  "dependencies": {
    "mobx": {
      "version": "5.13.0",
      "resolved": "https://registry.npmjs.org/mobx/-/mobx-5.13.0.tgz",
      "integrity": "sha512-eSAntMSMNj0PFL705rgv+aB/z1RjNqDnFEpBe18yQVreXTWiVgIrmBUXzjnJfuba+eo4eAk6zi+/gXQkSUea8A=="
    },
    "mobx-react-lite": {
      "version": "1.4.1",
      "resolved": "https://registry.npmjs.org/mobx-react-lite/-/mobx-react-lite-1.4.1.tgz",
      "integrity": "sha512-XmM+gzNv+GyXZYDLZMIGox3DufIiKULYgJsLhQj0U6Wlf+J5jv/h7limrL0aS1bEUtNilG62g9nwTeQ0KHzLFg=="
    }
  }
}
